
Microsoft Visual Studio Solution File, Format Version 12.00
# Visual Studio Version 17
VisualStudioVersion = 17.12.35707.178
MinimumVisualStudioVersion = 10.0.40219.1
Project("{FAE04EC0-301F-11D3-BF4B-00C04F79EFBC}") = "Domain", "Domain\Domain.csproj", "{7C70D913-C090-4C40-864B-1A7F008979AA}"
EndProject
Project("{FAE04EC0-301F-11D3-BF4B-00C04F79EFBC}") = "WebApi", "WebApi\WebApi.csproj", "{241BF72A-6F51-4C83-89CD-73048DABD60D}"
EndProject
Project("{FAE04EC0-301F-11D3-BF4B-00C04F79EFBC}") = "Application", "Application\Application.csproj", "{FA722AC9-9E74-478C-83F3-A010451CB27B}"
EndProject
Project("{FAE04EC0-301F-11D3-BF4B-00C04F79EFBC}") = "Infrastructure", "Infrastructure\Infrastructure.csproj", "{A1091412-86CC-4F3D-A428-6FDFD262A21F}"
EndProject
Project("{FAE04EC0-301F-11D3-BF4B-00C04F79EFBC}") = "CustomCQRS.AppHost", "CustomCQRS.AppHost\CustomCQRS.AppHost.csproj", "{FDE4ADD8-8667-4280-868A-114CE6C05DFE}"
EndProject
Project("{FAE04EC0-301F-11D3-BF4B-00C04F79EFBC}") = "CustomCQRS.ServiceDefaults", "CustomCQRS.ServiceDefaults\CustomCQRS.ServiceDefaults.csproj", "{79A8E1D5-5152-494D-B593-D8E71CCAE9B5}"
EndProject
Global
	GlobalSection(SolutionConfigurationPlatforms) = preSolution
		Debug|Any CPU = Debug|Any CPU
		Release|Any CPU = Release|Any CPU
	EndGlobalSection
	GlobalSection(ProjectConfigurationPlatforms) = postSolution
		{7C70D913-C090-4C40-864B-1A7F008979AA}.Debug|Any CPU.ActiveCfg = Debug|Any CPU
		{7C70D913-C090-4C40-864B-1A7F008979AA}.Debug|Any CPU.Build.0 = Debug|Any CPU
		{7C70D913-C090-4C40-864B-1A7F008979AA}.Release|Any CPU.ActiveCfg = Release|Any CPU
		{7C70D913-C090-4C40-864B-1A7F008979AA}.Release|Any CPU.Build.0 = Release|Any CPU
		{241BF72A-6F51-4C83-89CD-73048DABD60D}.Debug|Any CPU.ActiveCfg = Debug|Any CPU
		{241BF72A-6F51-4C83-89CD-73048DABD60D}.Debug|Any CPU.Build.0 = Debug|Any CPU
		{241BF72A-6F51-4C83-89CD-73048DABD60D}.Release|Any CPU.ActiveCfg = Release|Any CPU
		{241BF72A-6F51-4C83-89CD-73048DABD60D}.Release|Any CPU.Build.0 = Release|Any CPU
		{FA722AC9-9E74-478C-83F3-A010451CB27B}.Debug|Any CPU.ActiveCfg = Debug|Any CPU
		{FA722AC9-9E74-478C-83F3-A010451CB27B}.Debug|Any CPU.Build.0 = Debug|Any CPU
		{FA722AC9-9E74-478C-83F3-A010451CB27B}.Release|Any CPU.ActiveCfg = Release|Any CPU
		{FA722AC9-9E74-478C-83F3-A010451CB27B}.Release|Any CPU.Build.0 = Release|Any CPU
		{A1091412-86CC-4F3D-A428-6FDFD262A21F}.Debug|Any CPU.ActiveCfg = Debug|Any CPU
		{A1091412-86CC-4F3D-A428-6FDFD262A21F}.Debug|Any CPU.Build.0 = Debug|Any CPU
		{A1091412-86CC-4F3D-A428-6FDFD262A21F}.Release|Any CPU.ActiveCfg = Release|Any CPU
		{A1091412-86CC-4F3D-A428-6FDFD262A21F}.Release|Any CPU.Build.0 = Release|Any CPU
		{FDE4ADD8-8667-4280-868A-114CE6C05DFE}.Debug|Any CPU.ActiveCfg = Debug|Any CPU
		{FDE4ADD8-8667-4280-868A-114CE6C05DFE}.Debug|Any CPU.Build.0 = Debug|Any CPU
		{FDE4ADD8-8667-4280-868A-114CE6C05DFE}.Release|Any CPU.ActiveCfg = Release|Any CPU
		{FDE4ADD8-8667-4280-868A-114CE6C05DFE}.Release|Any CPU.Build.0 = Release|Any CPU
		{79A8E1D5-5152-494D-B593-D8E71CCAE9B5}.Debug|Any CPU.ActiveCfg = Debug|Any CPU
		{79A8E1D5-5152-494D-B593-D8E71CCAE9B5}.Debug|Any CPU.Build.0 = Debug|Any CPU
		{79A8E1D5-5152-494D-B593-D8E71CCAE9B5}.Release|Any CPU.ActiveCfg = Release|Any CPU
		{79A8E1D5-5152-494D-B593-D8E71CCAE9B5}.Release|Any CPU.Build.0 = Release|Any CPU
	EndGlobalSection
	GlobalSection(SolutionProperties) = preSolution
		HideSolutionNode = FALSE
	EndGlobalSection
EndGlobal
